// !$*UTF8*$!
{
	archiveVersion = 1;
	classes = {
	};
	objectVersion = 50;
	objects = {

/* Begin PBXBuildFile section */
		B1B0B544221E3C5A00A730F3 /* AppDelegate.m in Sources */ = {isa = PBXBuildFile; fileRef = B1B0B543221E3C5A00A730F3 /* AppDelegate.m */; };
		B1B0B547221E3C5A00A730F3 /* ViewController.m in Sources */ = {isa = PBXBuildFile; fileRef = B1B0B546221E3C5A00A730F3 /* ViewController.m */; };
		B1B0B54A221E3C5A00A730F3 /* Main.storyboard in Resources */ = {isa = PBXBuildFile; fileRef = B1B0B548221E3C5A00A730F3 /* Main.storyboard */; };
		B1B0B54D221E3C5A00A730F3 /* ____.xcdatamodeld in Sources */ = {isa = PBXBuildFile; fileRef = B1B0B54B221E3C5A00A730F3 /* ____.xcdatamodeld */; };
		B1B0B54F221E3C5C00A730F3 /* Assets.xcassets in Resources */ = {isa = PBXBuildFile; fileRef = B1B0B54E221E3C5C00A730F3 /* Assets.xcassets */; };
		B1B0B552221E3C5C00A730F3 /* LaunchScreen.storyboard in Resources */ = {isa = PBXBuildFile; fileRef = B1B0B550221E3C5C00A730F3 /* LaunchScreen.storyboard */; };
		B1B0B555221E3C5C00A730F3 /* main.m in Sources */ = {isa = PBXBuildFile; fileRef = B1B0B554221E3C5C00A730F3 /* main.m */; };
		B1B0B55F221E3C5D00A730F3 /* ____Tests.m in Sources */ = {isa = PBXBuildFile; fileRef = B1B0B55E221E3C5D00A730F3 /* ____Tests.m */; };
		B1B0B56A221E3C5D00A730F3 /* ____UITests.m in Sources */ = {isa = PBXBuildFile; fileRef = B1B0B569221E3C5D00A730F3 /* ____UITests.m */; };
		B1B0B579221E3D1600A730F3 /* LZLikeView.m in Sources */ = {isa = PBXBuildFile; fileRef = B1B0B578221E3D1600A730F3 /* LZLikeView.m */; };
/* End PBXBuildFile section */

/* Begin PBXContainerItemProxy section */
		B1B0B55B221E3C5D00A730F3 /* PBXContainerItemProxy */ = {
			isa = PBXContainerItemProxy;
			containerPortal = B1B0B537221E3C5A00A730F3 /* Project object */;
			proxyType = 1;
			remoteGlobalIDString = B1B0B53E221E3C5A00A730F3;
			remoteInfo = "抖音点赞";
		};
		B1B0B566221E3C5D00A730F3 /* PBXContainerItemProxy */ = {
			isa = PBXContainerItemProxy;
			containerPortal = B1B0B537221E3C5A00A730F3 /* Project object */;
			proxyType = 1;
			remoteGlobalIDString = B1B0B53E221E3C5A00A730F3;
			remoteInfo = "抖音点赞";
		};
/* End PBXContainerItemProxy section */

/* Begin PBXFileReference section */
		B1B0B53F221E3C5A00A730F3 /* 抖音点赞.app */ = {isa = PBXFileReference; explicitFileType = wrapper.application; includeInIndex = 0; path = "抖音点赞.app"; sourceTree = BUILT_PRODUCTS_DIR; };
		B1B0B542221E3C5A00A730F3 /* AppDelegate.h */ = {isa = PBXFileReference; lastKnownFileType = sourcecode.c.h; path = AppDelegate.h; sourceTree = "<group>"; };
		B1B0B543221E3C5A00A730F3 /* AppDelegate.m */ = {isa = PBXFileReference; lastKnownFileType = sourcecode.c.objc; path = AppDelegate.m; sourceTree = "<group>"; };
		B1B0B545221E3C5A00A730F3 /* ViewController.h */ = {isa = PBXFileReference; lastKnownFileType = sourcecode.c.h; path = ViewController.h; sourceTree = "<group>"; };
		B1B0B546221E3C5A00A730F3 /* ViewController.m */ = {isa = PBXFileReference; lastKnownFileType = sourcecode.c.objc; path = ViewController.m; sourceTree = "<group>"; };
		B1B0B549221E3C5A00A730F3 /* Base */ = {isa = PBXFileReference; lastKnownFileType = file.storyboard; name = Base; path = Base.lproj/Main.storyboard; sourceTree = "<group>"; };
		B1B0B54C221E3C5A00A730F3 /* ____.xcdatamodel */ = {isa = PBXFileReference; lastKnownFileType = wrapper.xcdatamodel; path = "____.xcdatamodel"; sourceTree = "<group>"; };
		B1B0B54E221E3C5C00A730F3 /* Assets.xcassets */ = {isa = PBXFileReference; lastKnownFileType = folder.assetcatalog; path = Assets.xcassets; sourceTree = "<group>"; };
		B1B0B551221E3C5C00A730F3 /* Base */ = {isa = PBXFileReference; lastKnownFileType = file.storyboard; name = Base; path = Base.lproj/LaunchScreen.storyboard; sourceTree = "<group>"; };
		B1B0B553221E3C5C00A730F3 /* Info.plist */ = {isa = PBXFileReference; lastKnownFileType = text.plist.xml; path = Info.plist; sourceTree = "<group>"; };
		B1B0B554221E3C5C00A730F3 /* main.m */ = {isa = PBXFileReference; lastKnownFileType = sourcecode.c.objc; path = main.m; sourceTree = "<group>"; };
		B1B0B55A221E3C5D00A730F3 /* 抖音点赞Tests.xctest */ = {isa = PBXFileReference; explicitFileType = wrapper.cfbundle; includeInIndex = 0; path = "抖音点赞Tests.xctest"; sourceTree = BUILT_PRODUCTS_DIR; };
		B1B0B55E221E3C5D00A730F3 /* ____Tests.m */ = {isa = PBXFileReference; lastKnownFileType = sourcecode.c.objc; path = "____Tests.m"; sourceTree = "<group>"; };
		B1B0B560221E3C5D00A730F3 /* Info.plist */ = {isa = PBXFileReference; lastKnownFileType = text.plist.xml; path = Info.plist; sourceTree = "<group>"; };
		B1B0B565221E3C5D00A730F3 /* 抖音点赞UITests.xctest */ = {isa = PBXFileReference; explicitFileType = wrapper.cfbundle; includeInIndex = 0; path = "抖音点赞UITests.xctest"; sourceTree = BUILT_PRODUCTS_DIR; };
		B1B0B569221E3C5D00A730F3 /* ____UITests.m */ = {isa = PBXFileReference; lastKnownFileType = sourcecode.c.objc; path = "____UITests.m"; sourceTree = "<group>"; };
		B1B0B56B221E3C5D00A730F3 /* Info.plist */ = {isa = PBXFileReference; lastKnownFileType = text.plist.xml; path = Info.plist; sourceTree = "<group>"; };
		B1B0B577221E3D1600A730F3 /* LZLikeView.h */ = {isa = PBXFileReference; lastKnownFileType = sourcecode.c.h; path = LZLikeView.h; sourceTree = "<group>"; };
		B1B0B578221E3D1600A730F3 /* LZLikeView.m */ = {isa = PBXFileReference; lastKnownFileType = sourcecode.c.objc; path = LZLikeView.m; sourceTree = "<group>"; };
/* End PBXFileReference section */

/* Begin PBXFrameworksBuildPhase section */
		B1B0B53C221E3C5A00A730F3 /* Frameworks */ = {
			isa = PBXFrameworksBuildPhase;
			buildActionMask = 2147483647;
			files = (
			);
			runOnlyForDeploymentPostprocessing = 0;
		};
		B1B0B557221E3C5D00A730F3 /* Frameworks */ = {
			isa = PBXFrameworksBuildPhase;
			buildActionMask = 2147483647;
			files = (
			);
			runOnlyForDeploymentPostprocessing = 0;
		};
		B1B0B562221E3C5D00A730F3 /* Frameworks */ = {
			isa = PBXFrameworksBuildPhase;
			buildActionMask = 2147483647;
			files = (
			);
			runOnlyForDeploymentPostprocessing = 0;
		};
/* End PBXFrameworksBuildPhase section */

/* Begin PBXGroup section */
		B1B0B536221E3C5A00A730F3 = {
			isa = PBXGroup;
			children = (
				B1B0B541221E3C5A00A730F3 /* 抖音点赞 */,
				B1B0B55D221E3C5D00A730F3 /* 抖音点赞Tests */,
				B1B0B568221E3C5D00A730F3 /* 抖音点赞UITests */,
				B1B0B540221E3C5A00A730F3 /* Products */,
			);
			sourceTree = "<group>";
		};
		B1B0B540221E3C5A00A730F3 /* Products */ = {
			isa = PBXGroup;
			children = (
				B1B0B53F221E3C5A00A730F3 /* 抖音点赞.app */,
				B1B0B55A221E3C5D00A730F3 /* 抖音点赞Tests.xctest */,
				B1B0B565221E3C5D00A730F3 /* 抖音点赞UITests.xctest */,
			);
			name = Products;
			sourceTree = "<group>";
		};
		B1B0B541221E3C5A00A730F3 /* 抖音点赞 */ = {
			isa = PBXGroup;
			children = (
				B1B0B542221E3C5A00A730F3 /* AppDelegate.h */,
				B1B0B543221E3C5A00A730F3 /* AppDelegate.m */,
				B1B0B545221E3C5A00A730F3 /* ViewController.h */,
				B1B0B546221E3C5A00A730F3 /* ViewController.m */,
				B1B0B577221E3D1600A730F3 /* LZLikeView.h */,
				B1B0B578221E3D1600A730F3 /* LZLikeView.m */,
				B1B0B548221E3C5A00A730F3 /* Main.storyboard */,
				B1B0B54E221E3C5C00A730F3 /* Assets.xcassets */,
				B1B0B550221E3C5C00A730F3 /* LaunchScreen.storyboard */,
				B1B0B553221E3C5C00A730F3 /* Info.plist */,
				B1B0B554221E3C5C00A730F3 /* main.m */,
				B1B0B54B221E3C5A00A730F3 /* ____.xcdatamodeld */,
			);
			path = "抖音点赞";
			sourceTree = "<group>";
		};
		B1B0B55D221E3C5D00A730F3 /* 抖音点赞Tests */ = {
			isa = PBXGroup;
			children = (
				B1B0B55E221E3C5D00A730F3 /* ____Tests.m */,
				B1B0B560221E3C5D00A730F3 /* Info.plist */,
			);
			path = "抖音点赞Tests";
			sourceTree = "<group>";
		};
		B1B0B568221E3C5D00A730F3 /* 抖音点赞UITests */ = {
			isa = PBXGroup;
			children = (
				B1B0B569221E3C5D00A730F3 /* ____UITests.m */,
				B1B0B56B221E3C5D00A730F3 /* Info.plist */,
			);
			path = "抖音点赞UITests";
			sourceTree = "<group>";
		};
/* End PBXGroup section */

/* Begin PBXNativeTarget section */
		B1B0B53E221E3C5A00A730F3 /* 抖音点赞 */ = {
			isa = PBXNativeTarget;
			buildConfigurationList = B1B0B56E221E3C5D00A730F3 /* Build configuration list for PBXNativeTarget "抖音点赞" */;
			buildPhases = (
				B1B0B53B221E3C5A00A730F3 /* Sources */,
				B1B0B53C221E3C5A00A730F3 /* Frameworks */,
				B1B0B53D221E3C5A00A730F3 /* Resources */,
			);
			buildRules = (
			);
			dependencies = (
			);
			name = "抖音点赞";
			productName = "抖音点赞";
			productReference = B1B0B53F221E3C5A00A730F3 /* 抖音点赞.app */;
			productType = "com.apple.product-type.application";
		};
		B1B0B559221E3C5D00A730F3 /* 抖音点赞Tests */ = {
			isa = PBXNativeTarget;
			buildConfigurationList = B1B0B571221E3C5D00A730F3 /* Build configuration list for PBXNativeTarget "抖音点赞Tests" */;
			buildPhases = (
				B1B0B556221E3C5D00A730F3 /* Sources */,
				B1B0B557221E3C5D00A730F3 /* Frameworks */,
				B1B0B558221E3C5D00A730F3 /* Resources */,
			);
			buildRules = (
			);
			dependencies = (
				B1B0B55C221E3C5D00A730F3 /* PBXTargetDependency */,
			);
			name = "抖音点赞Tests";
			productName = "抖音点赞Tests";
			productReference = B1B0B55A221E3C5D00A730F3 /* 抖音点赞Tests.xctest */;
			productType = "com.apple.product-type.bundle.unit-test";
		};
		B1B0B564221E3C5D00A730F3 /* 抖音点赞UITests */ = {
			isa = PBXNativeTarget;
			buildConfigurationList = B1B0B574221E3C5D00A730F3 /* Build configuration list for PBXNativeTarget "抖音点赞UITests" */;
			buildPhases = (
				B1B0B561221E3C5D00A730F3 /* Sources */,
				B1B0B562221E3C5D00A730F3 /* Frameworks */,
				B1B0B563221E3C5D00A730F3 /* Resources */,
			);
			buildRules = (
			);
			dependencies = (
				B1B0B567221E3C5D00A730F3 /* PBXTargetDependency */,
			);
			name = "抖音点赞UITests";
			productName = "抖音点赞UITests";
			productReference = B1B0B565221E3C5D00A730F3 /* 抖音点赞UITests.xctest */;
			productType = "com.apple.product-type.bundle.ui-testing";
		};
/* End PBXNativeTarget section */

/* Begin PBXProject section */
		B1B0B537221E3C5A00A730F3 /* Project object */ = {
			isa = PBXProject;
			attributes = {
				LastUpgradeCheck = 1010;
				ORGANIZATIONNAME = Albin;
				TargetAttributes = {
					B1B0B53E221E3C5A00A730F3 = {
						CreatedOnToolsVersion = 10.1;
					};
					B1B0B559221E3C5D00A730F3 = {
						CreatedOnToolsVersion = 10.1;
						TestTargetID = B1B0B53E221E3C5A00A730F3;
					};
					B1B0B564221E3C5D00A730F3 = {
						CreatedOnToolsVersion = 10.1;
						TestTargetID = B1B0B53E221E3C5A00A730F3;
					};
				};
			};
			buildConfigurationList = B1B0B53A221E3C5A00A730F3 /* Build configuration list for PBXProject "抖音点赞" */;
			compatibilityVersion = "Xcode 9.3";
			developmentRegion = en;
			hasScannedForEncodings = 0;
			knownRegions = (
				en,
				Base,
			);
			mainGroup = B1B0B536221E3C5A00A730F3;
			productRefGroup = B1B0B540221E3C5A00A730F3 /* Products */;
			projectDirPath = "";
			projectRoot = "";
			targets = (
				B1B0B53E221E3C5A00A730F3 /* 抖音点赞 */,
				B1B0B559221E3C5D00A730F3 /* 抖音点赞Tests */,
				B1B0B564221E3C5D00A730F3 /* 抖音点赞UITests */,
			);
		};
/* End PBXProject section */

/* Begin PBXResourcesBuildPhase section */
		B1B0B53D221E3C5A00A730F3 /* Resources */ = {
			isa = PBXResourcesBuildPhase;
			buildActionMask = 2147483647;
			files = (
				B1B0B552221E3C5C00A730F3 /* LaunchScreen.storyboard in Resources */,
				B1B0B54F221E3C5C00A730F3 /* Assets.xcassets in Resources */,
				B1B0B54A221E3C5A00A730F3 /* Main.storyboard in Resources */,
			);
			runOnlyForDeploymentPostprocessing = 0;
		};
		B1B0B558221E3C5D00A730F3 /* Resources */ = {
			isa = PBXResourcesBuildPhase;
			buildActionMask = 2147483647;
			files = (
			);
			runOnlyForDeploymentPostprocessing = 0;
		};
		B1B0B563221E3C5D00A730F3 /* Resources */ = {
			isa = PBXResourcesBuildPhase;
			buildActionMask = 2147483647;
			files = (
			);
			runOnlyForDeploymentPostprocessing = 0;
		};
/* End PBXResourcesBuildPhase section */

/* Begin PBXSourcesBuildPhase section */
		B1B0B53B221E3C5A00A730F3 /* Sources */ = {
			isa = PBXSourcesBuildPhase;
			buildActionMask = 2147483647;
			files = (
				B1B0B547221E3C5A00A730F3 /* ViewController.m in Sources */,
				B1B0B579221E3D1600A730F3 /* LZLikeView.m in Sources */,
				B1B0B54D221E3C5A00A730F3 /* ____.xcdatamodeld in Sources */,
				B1B0B555221E3C5C00A730F3 /* main.m in Sources */,
				B1B0B544221E3C5A00A730F3 /* AppDelegate.m in Sources */,
			);
			runOnlyForDeploymentPostprocessing = 0;
		};
		B1B0B556221E3C5D00A730F3 /* Sources */ = {
			isa = PBXSourcesBuildPhase;
			buildActionMask = 2147483647;
			files = (
				B1B0B55F221E3C5D00A730F3 /* ____Tests.m in Sources */,
			);
			runOnlyForDeploymentPostprocessing = 0;
		};
		B1B0B561221E3C5D00A730F3 /* Sources */ = {
			isa = PBXSourcesBuildPhase;
			buildActionMask = 2147483647;
			files = (
				B1B0B56A221E3C5D00A730F3 /* ____UITests.m in Sources */,
			);
			runOnlyForDeploymentPostprocessing = 0;
		};
/* End PBXSourcesBuildPhase section */

/* Begin PBXTargetDependency section */
		B1B0B55C221E3C5D00A730F3 /* PBXTargetDependency */ = {
			isa = PBXTargetDependency;
			target = B1B0B53E221E3C5A00A730F3 /* 抖音点赞 */;
			targetProxy = B1B0B55B221E3C5D00A730F3 /* PBXContainerItemProxy */;
		};
		B1B0B567221E3C5D00A730F3 /* PBXTargetDependency */ = {
			isa = PBXTargetDependency;
			target = B1B0B53E221E3C5A00A730F3 /* 抖音点赞 */;
			targetProxy = B1B0B566221E3C5D00A730F3 /* PBXContainerItemProxy */;
		};
/* End PBXTargetDependency section */

/* Begin PBXVariantGroup section */
		B1B0B548221E3C5A00A730F3 /* Main.storyboard */ = {
			isa = PBXVariantGroup;
			children = (
				B1B0B549221E3C5A00A730F3 /* Base */,
			);
			name = Main.storyboard;
			sourceTree = "<group>";
		};
		B1B0B550221E3C5C00A730F3 /* LaunchScreen.storyboard */ = {
			isa = PBXVariantGroup;
			children = (
				B1B0B551221E3C5C00A730F3 /* Base */,
			);
			name = LaunchScreen.storyboard;
			sourceTree = "<group>";
		};
/* End PBXVariantGroup section */

/* Begin XCBuildConfiguration section */
		B1B0B56C221E3C5D00A730F3 /* Debug */ = {
			isa = XCBuildConfiguration;
			buildSettings = {
				ALWAYS_SEARCH_USER_PATHS = NO;
				CLANG_ANALYZER_NONNULL = YES;
				CLANG_ANALYZER_NUMBER_OBJECT_CONVERSION = YES_AGGRESSIVE;
				CLANG_CXX_LANGUAGE_STANDARD = "gnu++14";
				CLANG_CXX_LIBRARY = "libc++";
				CLANG_ENABLE_MODULES = YES;
				CLANG_ENABLE_OBJC_ARC = YES;
				CLANG_ENABLE_OBJC_WEAK = YES;
				CLANG_WARN_BLOCK_CAPTURE_AUTORELEASING = YES;
				CLANG_WARN_BOOL_CONVERSION = YES;
				CLANG_WARN_COMMA = YES;
				CLANG_WARN_CONSTANT_CONVERSION = YES;
				CLANG_WARN_DEPRECATED_OBJC_IMPLEMENTATIONS = YES;
				CLANG_WARN_DIRECT_OBJC_ISA_USAGE = YES_ERROR;
				CLANG_WARN_DOCUMENTATION_COMMENTS = YES;
				CLANG_WARN_EMPTY_BODY = YES;
				CLANG_WARN_ENUM_CONVERSION = YES;
				CLANG_WARN_INFINITE_RECURSION = YES;
				CLANG_WARN_INT_CONVERSION = YES;
				CLANG_WARN_NON_LITERAL_NULL_CONVERSION = YES;
				CLANG_WARN_OBJC_IMPLICIT_RETAIN_SELF = YES;
				CLANG_WARN_OBJC_LITERAL_CONVERSION = YES;
				CLANG_WARN_OBJC_ROOT_CLASS = YES_ERROR;
				CLANG_WARN_RANGE_LOOP_ANALYSIS = YES;
				CLANG_WARN_STRICT_PROTOTYPES = YES;
				CLANG_WARN_SUSPICIOUS_MOVE = YES;
				CLANG_WARN_UNGUARDED_AVAILABILITY = YES_AGGRESSIVE;
				CLANG_WARN_UNREACHABLE_CODE = YES;
				CLANG_WARN__DUPLICATE_METHOD_MATCH = YES;
				CODE_SIGN_IDENTITY = "iPhone Developer";
				COPY_PHASE_STRIP = NO;
				DEBUG_INFORMATION_FORMAT = dwarf;
				ENABLE_STRICT_OBJC_MSGSEND = YES;
				ENABLE_TESTABILITY = YES;
				GCC_C_LANGUAGE_STANDARD = gnu11;
				GCC_DYNAMIC_NO_PIC = NO;
				GCC_NO_COMMON_BLOCKS = YES;
				GCC_OPTIMIZATION_LEVEL = 0;
				GCC_PREPROCESSOR_DEFINITIONS = (
					"DEBUG=1",
					"$(inherited)",
				);
				GCC_WARN_64_TO_32_BIT_CONVERSION = YES;
				GCC_WARN_ABOUT_RETURN_TYPE = YES_ERROR;
				GCC_WARN_UNDECLARED_SELECTOR = YES;
				GCC_WARN_UNINITIALIZED_AUTOS = YES_AGGRESSIVE;
				GCC_WARN_UNUSED_FUNCTION = YES;
				GCC_WARN_UNUSED_VARIABLE = YES;
				IPHONEOS_DEPLOYMENT_TARGET = 12.1;
				MTL_ENABLE_DEBUG_INFO = INCLUDE_SOURCE;
				MTL_FAST_MATH = YES;
				ONLY_ACTIVE_ARCH = YES;
				SDKROOT = iphoneos;
			};
			name = Debug;
		};
		B1B0B56D221E3C5D00A730F3 /* Release */ = {
			isa = XCBuildConfiguration;
			buildSettings = {
				ALWAYS_SEARCH_USER_PATHS = NO;
				CLANG_ANALYZER_NONNULL = YES;
				CLANG_ANALYZER_NUMBER_OBJECT_CONVERSION = YES_AGGRESSIVE;
				CLANG_CXX_LANGUAGE_STANDARD = "gnu++14";
				CLANG_CXX_LIBRARY = "libc++";
				CLANG_ENABLE_MODULES = YES;
				CLANG_ENABLE_OBJC_ARC = YES;
				CLANG_ENABLE_OBJC_WEAK = YES;
				CLANG_WARN_BLOCK_CAPTURE_AUTORELEASING = YES;
				CLANG_WARN_BOOL_CONVERSION = YES;
				CLANG_WARN_COMMA = YES;
				CLANG_WARN_CONSTANT_CONVERSION = YES;
				CLANG_WARN_DEPRECATED_OBJC_IMPLEMENTATIONS = YES;
				CLANG_WARN_DIRECT_OBJC_ISA_USAGE = YES_ERROR;
				CLANG_WARN_DOCUMENTATION_COMMENTS = YES;
				CLANG_WARN_EMPTY_BODY = YES;
				CLANG_WARN_ENUM_CONVERSION = YES;
				CLANG_WARN_INFINITE_RECURSION = YES;
				CLANG_WARN_INT_CONVERSION = YES;
				CLANG_WARN_NON_LITERAL_NULL_CONVERSION = YES;
				CLANG_WARN_OBJC_IMPLICIT_RETAIN_SELF = YES;
				CLANG_WARN_OBJC_LITERAL_CONVERSION = YES;
				CLANG_WARN_OBJC_ROOT_CLASS = YES_ERROR;
				CLANG_WARN_RANGE_LOOP_ANALYSIS = YES;
				CLANG_WARN_STRICT_PROTOTYPES = YES;
				CLANG_WARN_SUSPICIOUS_MOVE = YES;
				CLANG_WARN_UNGUARDED_AVAILABILITY = YES_AGGRESSIVE;
				CLANG_WARN_UNREACHABLE_CODE = YES;
				CLANG_WARN__DUPLICATE_METHOD_MATCH = YES;
				CODE_SIGN_IDENTITY = "iPhone Developer";
				COPY_PHASE_STRIP = NO;
				DEBUG_INFORMATION_FORMAT = "dwarf-with-dsym";
				ENABLE_NS_ASSERTIONS = NO;
				ENABLE_STRICT_OBJC_MSGSEND = YES;
				GCC_C_LANGUAGE_STANDARD = gnu11;
				GCC_NO_COMMON_BLOCKS = YES;
				GCC_WARN_64_TO_32_BIT_CONVERSION = YES;
				GCC_WARN_ABOUT_RETURN_TYPE = YES_ERROR;
				GCC_WARN_UNDECLARED_SELECTOR = YES;
				GCC_WARN_UNINITIALIZED_AUTOS = YES_AGGRESSIVE;
				GCC_WARN_UNUSED_FUNCTION = YES;
				GCC_WARN_UNUSED_VARIABLE = YES;
				IPHONEOS_DEPLOYMENT_TARGET = 12.1;
				MTL_ENABLE_DEBUG_INFO = NO;
				MTL_FAST_MATH = YES;
				SDKROOT = iphoneos;
				VALIDATE_PRODUCT = YES;
			};
			name = Release;
		};
		B1B0B56F221E3C5D00A730F3 /* Debug */ = {
			isa = XCBuildConfiguration;
			buildSettings = {
				ASSETCATALOG_COMPILER_APPICON_NAME = AppIcon;
				CODE_SIGN_STYLE = Automatic;
				INFOPLIST_FILE = "抖音点赞/Info.plist";
				LD_RUNPATH_SEARCH_PATHS = (
					"$(inherited)",
					"@executable_path/Frameworks",
				);
				PRODUCT_BUNDLE_IDENTIFIER = "com.Albin.----";
				PRODUCT_NAME = "$(TARGET_NAME)";
				TARGETED_DEVICE_FAMILY = "1,2";
			};
			name = Debug;
		};
		B1B0B570221E3C5D00A730F3 /* Release */ = {
			isa = XCBuildConfiguration;
			buildSettings = {
				ASSETCATALOG_COMPILER_APPICON_NAME = AppIcon;
				CODE_SIGN_STYLE = Automatic;
				INFOPLIST_FILE = "抖音点赞/Info.plist";
				LD_RUNPATH_SEARCH_PATHS = (
					"$(inherited)",
					"@executable_path/Frameworks",
				);
				PRODUCT_BUNDLE_IDENTIFIER = "com.Albin.----";
				PRODUCT_NAME = "$(TARGET_NAME)";
				TARGETED_DEVICE_FAMILY = "1,2";
			};
			name = Release;
		};
		B1B0B572221E3C5D00A730F3 /* Debug */ = {
			isa = XCBuildConfiguration;
			buildSettings = {
				BUNDLE_LOADER = "$(TEST_HOST)";
				CODE_SIGN_STYLE = Automatic;
				INFOPLIST_FILE = "抖音点赞Tests/Info.plist";
				LD_RUNPATH_SEARCH_PATHS = (
					"$(inherited)",
					"@executable_path/Frameworks",
					"@loader_path/Frameworks",
				);
				PRODUCT_BUNDLE_IDENTIFIER = "com.Albin.----Tests";
				PRODUCT_NAME = "$(TARGET_NAME)";
				TARGETED_DEVICE_FAMILY = "1,2";
				TEST_HOST = "$(BUILT_PRODUCTS_DIR)/抖音点赞.app/抖音点赞";
			};
			name = Debug;
		};
		B1B0B573221E3C5D00A730F3 /* Release */ = {
			isa = XCBuildConfiguration;
			buildSettings = {
				BUNDLE_LOADER = "$(TEST_HOST)";
				CODE_SIGN_STYLE = Automatic;
				INFOPLIST_FILE = "抖音点赞Tests/Info.plist";
				LD_RUNPATH_SEARCH_PATHS = (
					"$(inherited)",
					"@executable_path/Frameworks",
					"@loader_path/Frameworks",
				);
				PRODUCT_BUNDLE_IDENTIFIER = "com.Albin.----Tests";
				PRODUCT_NAME = "$(TARGET_NAME)";
				TARGETED_DEVICE_FAMILY = "1,2";
				TEST_HOST = "$(BUILT_PRODUCTS_DIR)/抖音点赞.app/抖音点赞";
			};
			name = Release;
		};
		B1B0B575221E3C5D00A730F3 /* Debug */ = {
			isa = XCBuildConfiguration;
			buildSettings = {
				CODE_SIGN_STYLE = Automatic;
				INFOPLIST_FILE = "抖音点赞UITests/Info.plist";
				LD_RUNPATH_SEARCH_PATHS = (
					"$(inherited)",
					"@executable_path/Frameworks",
					"@loader_path/Frameworks",
				);
				PRODUCT_BUNDLE_IDENTIFIER = "com.Albin.----UITests";
				PRODUCT_NAME = "$(TARGET_NAME)";
				TARGETED_DEVICE_FAMILY = "1,2";
				TEST_TARGET_NAME = "抖音点赞";
			};
			name = Debug;
		};
		B1B0B576221E3C5D00A730F3 /* Release */ = {
			isa = XCBuildConfiguration;
			buildSettings = {
				CODE_SIGN_STYLE = Automatic;
				INFOPLIST_FILE = "抖音点赞UITests/Info.plist";
				LD_RUNPATH_SEARCH_PATHS = (
					"$(inherited)",
					"@executable_path/Frameworks",
					"@loader_path/Frameworks",
				);
				PRODUCT_BUNDLE_IDENTIFIER = "com.Albin.----UITests";
				PRODUCT_NAME = "$(TARGET_NAME)";
				TARGETED_DEVICE_FAMILY = "1,2";
				TEST_TARGET_NAME = "抖音点赞";
			};
			name = Release;
		};
/* End XCBuildConfiguration section */

/* Begin XCConfigurationList section */
		B1B0B53A221E3C5A00A730F3 /* Build configuration list for PBXProject "抖音点赞" */ = {
			isa = XCConfigurationList;
			buildConfigurations = (
				B1B0B56C221E3C5D00A730F3 /* Debug */,
				B1B0B56D221E3C5D00A730F3 /* Release */,
			);
			defaultConfigurationIsVisible = 0;
			defaultConfigurationName = Release;
		};
		B1B0B56E221E3C5D00A730F3 /* Build configuration list for PBXNativeTarget "抖音点赞" */ = {
			isa = XCConfigurationList;
			buildConfigurations = (
				B1B0B56F221E3C5D00A730F3 /* Debug */,
				B1B0B570221E3C5D00A730F3 /* Release */,
			);
			defaultConfigurationIsVisible = 0;
			defaultConfigurationName = Release;
		};
		B1B0B571221E3C5D00A730F3 /* Build configuration list for PBXNativeTarget "抖音点赞Tests" */ = {
			isa = XCConfigurationList;
			buildConfigurations = (
				B1B0B572221E3C5D00A730F3 /* Debug */,
				B1B0B573221E3C5D00A730F3 /* Release */,
			);
			defaultConfigurationIsVisible = 0;
			defaultConfigurationName = Release;
		};
		B1B0B574221E3C5D00A730F3 /* Build configuration list for PBXNativeTarget "抖音点赞UITests" */ = {
			isa = XCConfigurationList;
			buildConfigurations = (
				B1B0B575221E3C5D00A730F3 /* Debug */,
				B1B0B576221E3C5D00A730F3 /* Release */,
			);
			defaultConfigurationIsVisible = 0;
			defaultConfigurationName = Release;
		};
/* End XCConfigurationList section */

/* Begin XCVersionGroup section */
		B1B0B54B221E3C5A00A730F3 /* ____.xcdatamodeld */ = {
			isa = XCVersionGroup;
			children = (
				B1B0B54C221E3C5A00A730F3 /* ____.xcdatamodel */,
			);
			currentVersion = B1B0B54C221E3C5A00A730F3 /* ____.xcdatamodel */;
			path = "____.xcdatamodeld";
			sourceTree = "<group>";
			versionGroupType = wrapper.xcdatamodel;
		};
/* End XCVersionGroup section */
	};
	rootObject = B1B0B537221E3C5A00A730F3 /* Project object */;
}
